
Microsoft Visual Studio Solution File, Format Version 12.00
# Visual Studio 15
VisualStudioVersion = 15.0.28307.572
MinimumVisualStudioVersion = 10.0.40219.1
Project("{FAE04EC0-301F-11D3-BF4B-00C04F79EFBC}") = "MalagaRealEstate", "MalagaRealEstate\MalagaRealEstate.csproj", "{B098210F-87C3-4343-9912-046E2579CFC0}"
EndProject
Global
	GlobalSection(SolutionConfigurationPlatforms) = preSolution
		Debug|Any CPU = Debug|Any CPU
		Release|Any CPU = Release|Any CPU
	EndGlobalSection
	GlobalSection(ProjectConfigurationPlatforms) = postSolution
		{B098210F-87C3-4343-9912-046E2579CFC0}.Debug|Any CPU.ActiveCfg = Debug|Any CPU
		{B098210F-87C3-4343-9912-046E2579CFC0}.Debug|Any CPU.Build.0 = Debug|Any CPU
		{B098210F-87C3-4343-9912-046E2579CFC0}.Release|Any CPU.ActiveCfg = Release|Any CPU
		{B098210F-87C3-4343-9912-046E2579CFC0}.Release|Any CPU.Build.0 = Release|Any CPU
	EndGlobalSection
	GlobalSection(SolutionProperties) = preSolution
		HideSolutionNode = FALSE
	EndGlobalSection
	GlobalSection(ExtensibilityGlobals) = postSolution
		SolutionGuid = {3CDC931E-6CA4-418E-95E6-3092CA4BA5F5}
	EndGlobalSection
EndGlobal
